<?xml version="1.0" encoding="utf-8"?>
<Project ToolsVersion="4.0" xmlns="http://schemas.microsoft.com/developer/msbuild/2003">
  <ItemGroup>
    <Filter Include="Source Files">
      <UniqueIdentifier>{4FC737F1-C7A5-4376-A066-2A32D752A2FF}</UniqueIdentifier>
      <Extensions>cpp;c;cc;cxx;c++;cppm;ixx;def;odl;idl;hpj;bat;asm;asmx</Extensions>
    </Filter>
    <Filter Include="Header Files">
      <UniqueIdentifier>{93995380-89BD-4b04-88EB-625FBE52EBFB}</UniqueIdentifier>
      <Extensions>h;hh;hpp;hxx;h++;hm;inl;inc;ipp;xsd</Extensions>
    </Filter>
    <Filter Include="Resource Files">
      <UniqueIdentifier>{67DA6AB6-F800-4c08-8B7A-83BB121AAD01}</UniqueIdentifier>
      <Extensions>rc;ico;cur;bmp;dlg;rc2;rct;bin;rgs;gif;jpg;jpeg;jpe;resx;tiff;tif;png;wav;mfcribbon-ms</Extensions>
    </Filter>
  </ItemGroup>
  <ItemGroup>
    <ClInclude Include="framework.h">
      <Filter>Header Files</Filter>
    </ClInclude>
    <ClInclude Include="targetver.h">
      <Filter>Header Files</Filter>
    </ClInclude>
    <ClInclude Include="Resource.h">
      <Filter>Header Files</Filter>
    </ClInclude>
    <ClInclude Include="UnicornEngine.h">
      <Filter>Header Files</Filter>
    </ClInclude>
    <ClInclude Include="graphics\dx11graphics.h">
      <Filter>Header Files</Filter>
    </ClInclude>
    <ClInclude Include="unicornpch.h">
      <Filter>Header Files</Filter>
    </ClInclude>
    <ClInclude Include="graphics\vertex.h">
      <Filter>Header Files</Filter>
    </ClInclude>
    <ClInclude Include="core\math\vector4f.h">
      <Filter>Header Files</Filter>
    </ClInclude>
    <ClInclude Include="core\math\quaternionf.h">
      <Filter>Header Files</Filter>
    </ClInclude>
    <ClInclude Include="core\filesystem\file.h">
      <Filter>Header Files</Filter>
    </ClInclude>
    <ClInclude Include="core\math\matrix4f.h">
      <Filter>Header Files</Filter>
    </ClInclude>
    <ClInclude Include="graphics\shapes\cube.h">
      <Filter>Header Files</Filter>
    </ClInclude>
    <ClInclude Include="core\input\inputmanager.h">
      <Filter>Header Files</Filter>
    </ClInclude>
    <ClInclude Include="engine\engine.h">
      <Filter>Header Files</Filter>
    </ClInclude>
    <ClInclude Include="core\component\component.h">
      <Filter>Header Files</Filter>
    </ClInclude>
    <ClInclude Include="graphics\camera\cameracomponent.h">
      <Filter>Header Files</Filter>
    </ClInclude>
    <ClInclude Include="core\math\transform.h">
      <Filter>Header Files</Filter>
    </ClInclude>
  </ItemGroup>
  <ItemGroup>
    <ClCompile Include="UnicornEngine.cpp">
      <Filter>Source Files</Filter>
    </ClCompile>
    <ClCompile Include="graphics\dx11graphics.cpp">
      <Filter>Source Files</Filter>
    </ClCompile>
    <ClCompile Include="unicornpch.cpp">
      <Filter>Source Files</Filter>
    </ClCompile>
    <ClCompile Include="core\input\inputmanager.cpp">
      <Filter>Source Files</Filter>
    </ClCompile>
    <ClCompile Include="engine\engine.cpp">
      <Filter>Source Files</Filter>
    </ClCompile>
    <ClCompile Include="core\component\component.cpp">
      <Filter>Source Files</Filter>
    </ClCompile>
    <ClCompile Include="graphics\camera\cameracomponent.cpp">
      <Filter>Source Files</Filter>
    </ClCompile>
  </ItemGroup>
  <ItemGroup>
    <ResourceCompile Include="UnicornEngine.rc">
      <Filter>Resource Files</Filter>
    </ResourceCompile>
  </ItemGroup>
  <ItemGroup>
    <Image Include="small.ico">
      <Filter>Resource Files</Filter>
    </Image>
    <Image Include="UnicornEngine.ico">
      <Filter>Resource Files</Filter>
    </Image>
  </ItemGroup>
  <ItemGroup>
    <FxCompile Include="shaders\VertexShader.hlsl" />
    <FxCompile Include="shaders\PixelShader.hlsl" />
  </ItemGroup>
</Project>